<?xml version="1.0" encoding="utf-8"?>
<Project ToolsVersion="4.0" xmlns="http://schemas.microsoft.com/developer/msbuild/2003">
  <ItemGroup>
    <Filter Include="Source Files">
      <UniqueIdentifier>{4FC737F1-C7A5-4376-A066-2A32D752A2FF}</UniqueIdentifier>
      <Extensions>cpp;c;cc;cxx;c++;def;odl;idl;hpj;bat;asm;asmx</Extensions>
    </Filter>
    <Filter Include="Header Files">
      <UniqueIdentifier>{93995380-89BD-4b04-88EB-625FBE52EBFB}</UniqueIdentifier>
      <Extensions>h;hh;hpp;hxx;h++;hm;inl;inc;ipp;xsd</Extensions>
    </Filter>
    <Filter Include="Resource Files">
      <UniqueIdentifier>{67DA6AB6-F800-4c08-8B7A-83BB121AAD01}</UniqueIdentifier>
      <Extensions>rc;ico;cur;bmp;dlg;rc2;rct;bin;rgs;gif;jpg;jpeg;jpe;resx;tiff;tif;png;wav;mfcribbon-ms</Extensions>
    </Filter>
  </ItemGroup>
  <ItemGroup>
    <ClInclude Include="WndDesign.h">
      <Filter>Header Files</Filter>
    </ClInclude>
    <ClInclude Include="common\core.h">
      <Filter>Header Files</Filter>
    </ClInclude>
    <ClInclude Include="style\font_style.h">
      <Filter>Header Files</Filter>
    </ClInclude>
    <ClInclude Include="style\style.h">
      <Filter>Header Files</Filter>
    </ClInclude>
    <ClInclude Include="window\wnd.h">
      <Filter>Header Files</Filter>
    </ClInclude>
    <ClInclude Include="style\wnd_style.h">
      <Filter>Header Files</Filter>
    </ClInclude>
    <ClInclude Include="common\msg.h">
      <Filter>Header Files</Filter>
    </ClInclude>
    <ClInclude Include="window\button.h">
      <Filter>Header Files</Filter>
    </ClInclude>
    <ClInclude Include="style\button_style.h">
      <Filter>Header Files</Filter>
    </ClInclude>
    <ClInclude Include="style\textbox_style.h">
      <Filter>Header Files</Filter>
    </ClInclude>
    <ClInclude Include="geometry\point.h">
      <Filter>Header Files</Filter>
    </ClInclude>
    <ClInclude Include="geometry\rect.h">
      <Filter>Header Files</Filter>
    </ClInclude>
    <ClInclude Include="geometry\size.h">
      <Filter>Header Files</Filter>
    </ClInclude>
    <ClInclude Include="geometry\vector.h">
      <Filter>Header Files</Filter>
    </ClInclude>
    <ClInclude Include="geometry\geometry.h">
      <Filter>Header Files</Filter>
    </ClInclude>
    <ClInclude Include="texture\bitmap.h">
      <Filter>Header Files</Filter>
    </ClInclude>
    <ClInclude Include="texture\color.h">
      <Filter>Header Files</Filter>
    </ClInclude>
    <ClInclude Include="texture\texture_base.h">
      <Filter>Header Files</Filter>
    </ClInclude>
    <ClInclude Include="window\window.h">
      <Filter>Header Files</Filter>
    </ClInclude>
    <ClInclude Include="window\wnd_impl.h">
      <Filter>Header Files</Filter>
    </ClInclude>
    <ClInclude Include="window\button_impl.h">
      <Filter>Header Files</Filter>
    </ClInclude>
    <ClInclude Include="render\render_layer.h">
      <Filter>Header Files</Filter>
    </ClInclude>
    <ClInclude Include="render\render_object.h">
      <Filter>Header Files</Filter>
    </ClInclude>
    <ClInclude Include="system\file.h">
      <Filter>Header Files</Filter>
    </ClInclude>
    <ClInclude Include="render\render_style.h">
      <Filter>Header Files</Filter>
    </ClInclude>
    <ClInclude Include="resources\resources.h">
      <Filter>Header Files</Filter>
    </ClInclude>
    <ClInclude Include="data\cache.h">
      <Filter>Header Files</Filter>
    </ClInclude>
    <ClInclude Include="render\render_target.h">
      <Filter>Header Files</Filter>
    </ClInclude>
    <ClInclude Include="render\desktop_layer.h">
      <Filter>Header Files</Filter>
    </ClInclude>
    <ClInclude Include="window\scroll_bar.h">
      <Filter>Header Files</Filter>
    </ClInclude>
    <ClInclude Include="texture\texture.h">
      <Filter>Header Files</Filter>
    </ClInclude>
    <ClInclude Include="render\target_base.h">
      <Filter>Header Files</Filter>
    </ClInclude>
    <ClInclude Include="window\scroll_wnd.h">
      <Filter>Header Files</Filter>
    </ClInclude>
    <ClInclude Include="style\scroll_wnd_style.h">
      <Filter>Header Files</Filter>
    </ClInclude>
    <ClInclude Include="window\desktop.h">
      <Filter>Header Files</Filter>
    </ClInclude>
    <ClInclude Include="window\scroll_wnd_impl.h">
      <Filter>Header Files</Filter>
    </ClInclude>
  </ItemGroup>
  <ItemGroup>
    <ClCompile Include="WinMain.cpp">
      <Filter>Source Files</Filter>
    </ClCompile>
    <ClCompile Include="DllMain.cpp">
      <Filter>Source Files</Filter>
    </ClCompile>
    <ClCompile Include="window\button_impl.cpp">
      <Filter>Source Files</Filter>
    </ClCompile>
    <ClCompile Include="window\wnd_impl.cpp">
      <Filter>Source Files</Filter>
    </ClCompile>
    <ClCompile Include="window\desktop.cpp">
      <Filter>Source Files</Filter>
    </ClCompile>
    <ClCompile Include="resources\resources.cpp">
      <Filter>Source Files</Filter>
    </ClCompile>
  </ItemGroup>
  <ItemGroup>
    <None Include="export.def">
      <Filter>Source Files</Filter>
    </None>
  </ItemGroup>
</Project>